
Microsoft Visual Studio Solution File, Format Version 12.00
# Visual Studio Version 16
VisualStudioVersion = 16.0.31205.134
MinimumVisualStudioVersion = 10.0.40219.1
Project("{FAE04EC0-301F-11D3-BF4B-00C04F79EFBC}") = "Week4.Demo.WcfService", "Week4.Demo.WcfService\Week4.Demo.WcfService.csproj", "{7E57ECC8-B482-425F-BBE5-771813A90FC6}"
EndProject
Project("{FAE04EC0-301F-11D3-BF4B-00C04F79EFBC}") = "Week4.Demo.WcfClient", "Week4.Demo.WcfClient\Week4.Demo.WcfClient.csproj", "{69D30D8D-51D9-4BD9-BF8C-B858768DE163}"
	ProjectSection(ProjectDependencies) = postProject
		{7E57ECC8-B482-425F-BBE5-771813A90FC6} = {7E57ECC8-B482-425F-BBE5-771813A90FC6}
	EndProjectSection
EndProject
Project("{FAE04EC0-301F-11D3-BF4B-00C04F79EFBC}") = "Week4.Demo.Lib", "Week4.Demo.Lib\Week4.Demo.Lib.csproj", "{ED15B170-1C30-4888-B832-32A40290FFAE}"
EndProject
Project("{2150E333-8FDC-42A3-9474-1A3956D46DE8}") = "Esercitazioni", "Esercitazioni", "{E5B3FBD9-3476-4201-9909-89198B71DE42}"
EndProject
Project("{9A19103F-16F7-4668-BE54-9A1E7A4F7556}") = "Week4.Core", "Week4.Core\Week4.Core.csproj", "{0D7F6B47-FA3C-484D-954A-218F7A40B416}"
EndProject
Project("{9A19103F-16F7-4668-BE54-9A1E7A4F7556}") = "Week4.Core.EF", "Week4.Core.EF\Week4.Core.EF.csproj", "{563124D0-E398-4D2F-8FB6-6B399CB46641}"
EndProject
Project("{FAE04EC0-301F-11D3-BF4B-00C04F79EFBC}") = "Week4.Core.AdoNet", "Week4.Core.AdoNet\Week4.Core.AdoNet.csproj", "{1D75BCD4-A502-457B-9FDF-537B0DAA8BE6}"
EndProject
Project("{FAE04EC0-301F-11D3-BF4B-00C04F79EFBC}") = "Week4.Library.Wcf", "Week4.Library.Wcf\Week4.Library.Wcf.csproj", "{97F39912-7591-4440-9A34-FAD5921E6D66}"
EndProject
Project("{FAE04EC0-301F-11D3-BF4B-00C04F79EFBC}") = "Week4.Demo.SelfHosting", "Week4.Demo.SelfHosting\Week4.Demo.SelfHosting.csproj", "{82ACE501-35F4-4F59-A552-48F4DC88E332}"
EndProject
Project("{FAE04EC0-301F-11D3-BF4B-00C04F79EFBC}") = "Week4.Demo.IISHosting", "Week4.Demo.IISHosting\Week4.Demo.IISHosting.csproj", "{90452F24-D414-40FD-AF9B-F7566A1F4620}"
EndProject
Project("{2150E333-8FDC-42A3-9474-1A3956D46DE8}") = "Entity Framework", "Entity Framework", "{4BF3F688-4D36-47A8-8539-539955BE81C0}"
EndProject
Project("{2150E333-8FDC-42A3-9474-1A3956D46DE8}") = "WCF", "WCF", "{23C3BF85-FF23-471A-B926-14E918A83B8E}"
EndProject
Project("{FAE04EC0-301F-11D3-BF4B-00C04F79EFBC}") = "Week4.EntityFrk.Core", "Week4.EntityFrk.Core\Week4.EntityFrk.Core.csproj", "{0BFC9311-9767-45C5-B07E-18E867376571}"
EndProject
Project("{FAE04EC0-301F-11D3-BF4B-00C04F79EFBC}") = "Week4.EntityFrk.Client", "Week4.EntityFrk.Client\Week4.EntityFrk.Client.csproj", "{E82D77A7-6D39-4CEE-9CB3-B99548F00CE4}"
EndProject
Project("{FAE04EC0-301F-11D3-BF4B-00C04F79EFBC}") = "Week4.EntityFrk.EF", "Week4.EntityFrk.EF\Week4.EntityFrk.EF.csproj", "{8C034800-5011-40EF-B2DB-6A399308E2DA}"
EndProject
Global
	GlobalSection(SolutionConfigurationPlatforms) = preSolution
		Debug|Any CPU = Debug|Any CPU
		Release|Any CPU = Release|Any CPU
	EndGlobalSection
	GlobalSection(ProjectConfigurationPlatforms) = postSolution
		{7E57ECC8-B482-425F-BBE5-771813A90FC6}.Debug|Any CPU.ActiveCfg = Debug|Any CPU
		{7E57ECC8-B482-425F-BBE5-771813A90FC6}.Debug|Any CPU.Build.0 = Debug|Any CPU
		{7E57ECC8-B482-425F-BBE5-771813A90FC6}.Release|Any CPU.ActiveCfg = Release|Any CPU
		{7E57ECC8-B482-425F-BBE5-771813A90FC6}.Release|Any CPU.Build.0 = Release|Any CPU
		{69D30D8D-51D9-4BD9-BF8C-B858768DE163}.Debug|Any CPU.ActiveCfg = Debug|Any CPU
		{69D30D8D-51D9-4BD9-BF8C-B858768DE163}.Debug|Any CPU.Build.0 = Debug|Any CPU
		{69D30D8D-51D9-4BD9-BF8C-B858768DE163}.Release|Any CPU.ActiveCfg = Release|Any CPU
		{69D30D8D-51D9-4BD9-BF8C-B858768DE163}.Release|Any CPU.Build.0 = Release|Any CPU
		{ED15B170-1C30-4888-B832-32A40290FFAE}.Debug|Any CPU.ActiveCfg = Debug|Any CPU
		{ED15B170-1C30-4888-B832-32A40290FFAE}.Debug|Any CPU.Build.0 = Debug|Any CPU
		{ED15B170-1C30-4888-B832-32A40290FFAE}.Release|Any CPU.ActiveCfg = Release|Any CPU
		{ED15B170-1C30-4888-B832-32A40290FFAE}.Release|Any CPU.Build.0 = Release|Any CPU
		{0D7F6B47-FA3C-484D-954A-218F7A40B416}.Debug|Any CPU.ActiveCfg = Debug|Any CPU
		{0D7F6B47-FA3C-484D-954A-218F7A40B416}.Debug|Any CPU.Build.0 = Debug|Any CPU
		{0D7F6B47-FA3C-484D-954A-218F7A40B416}.Release|Any CPU.ActiveCfg = Release|Any CPU
		{0D7F6B47-FA3C-484D-954A-218F7A40B416}.Release|Any CPU.Build.0 = Release|Any CPU
		{563124D0-E398-4D2F-8FB6-6B399CB46641}.Debug|Any CPU.ActiveCfg = Debug|Any CPU
		{563124D0-E398-4D2F-8FB6-6B399CB46641}.Debug|Any CPU.Build.0 = Debug|Any CPU
		{563124D0-E398-4D2F-8FB6-6B399CB46641}.Release|Any CPU.ActiveCfg = Release|Any CPU
		{563124D0-E398-4D2F-8FB6-6B399CB46641}.Release|Any CPU.Build.0 = Release|Any CPU
		{1D75BCD4-A502-457B-9FDF-537B0DAA8BE6}.Debug|Any CPU.ActiveCfg = Debug|Any CPU
		{1D75BCD4-A502-457B-9FDF-537B0DAA8BE6}.Debug|Any CPU.Build.0 = Debug|Any CPU
		{1D75BCD4-A502-457B-9FDF-537B0DAA8BE6}.Release|Any CPU.ActiveCfg = Release|Any CPU
		{1D75BCD4-A502-457B-9FDF-537B0DAA8BE6}.Release|Any CPU.Build.0 = Release|Any CPU
		{97F39912-7591-4440-9A34-FAD5921E6D66}.Debug|Any CPU.ActiveCfg = Debug|Any CPU
		{97F39912-7591-4440-9A34-FAD5921E6D66}.Debug|Any CPU.Build.0 = Debug|Any CPU
		{97F39912-7591-4440-9A34-FAD5921E6D66}.Release|Any CPU.ActiveCfg = Release|Any CPU
		{97F39912-7591-4440-9A34-FAD5921E6D66}.Release|Any CPU.Build.0 = Release|Any CPU
		{82ACE501-35F4-4F59-A552-48F4DC88E332}.Debug|Any CPU.ActiveCfg = Debug|Any CPU
		{82ACE501-35F4-4F59-A552-48F4DC88E332}.Debug|Any CPU.Build.0 = Debug|Any CPU
		{82ACE501-35F4-4F59-A552-48F4DC88E332}.Release|Any CPU.ActiveCfg = Release|Any CPU
		{82ACE501-35F4-4F59-A552-48F4DC88E332}.Release|Any CPU.Build.0 = Release|Any CPU
		{90452F24-D414-40FD-AF9B-F7566A1F4620}.Debug|Any CPU.ActiveCfg = Debug|Any CPU
		{90452F24-D414-40FD-AF9B-F7566A1F4620}.Debug|Any CPU.Build.0 = Debug|Any CPU
		{90452F24-D414-40FD-AF9B-F7566A1F4620}.Release|Any CPU.ActiveCfg = Release|Any CPU
		{90452F24-D414-40FD-AF9B-F7566A1F4620}.Release|Any CPU.Build.0 = Release|Any CPU
		{0BFC9311-9767-45C5-B07E-18E867376571}.Debug|Any CPU.ActiveCfg = Debug|Any CPU
		{0BFC9311-9767-45C5-B07E-18E867376571}.Debug|Any CPU.Build.0 = Debug|Any CPU
		{0BFC9311-9767-45C5-B07E-18E867376571}.Release|Any CPU.ActiveCfg = Release|Any CPU
		{0BFC9311-9767-45C5-B07E-18E867376571}.Release|Any CPU.Build.0 = Release|Any CPU
		{E82D77A7-6D39-4CEE-9CB3-B99548F00CE4}.Debug|Any CPU.ActiveCfg = Debug|Any CPU
		{E82D77A7-6D39-4CEE-9CB3-B99548F00CE4}.Debug|Any CPU.Build.0 = Debug|Any CPU
		{E82D77A7-6D39-4CEE-9CB3-B99548F00CE4}.Release|Any CPU.ActiveCfg = Release|Any CPU
		{E82D77A7-6D39-4CEE-9CB3-B99548F00CE4}.Release|Any CPU.Build.0 = Release|Any CPU
		{8C034800-5011-40EF-B2DB-6A399308E2DA}.Debug|Any CPU.ActiveCfg = Debug|Any CPU
		{8C034800-5011-40EF-B2DB-6A399308E2DA}.Debug|Any CPU.Build.0 = Debug|Any CPU
		{8C034800-5011-40EF-B2DB-6A399308E2DA}.Release|Any CPU.ActiveCfg = Release|Any CPU
		{8C034800-5011-40EF-B2DB-6A399308E2DA}.Release|Any CPU.Build.0 = Release|Any CPU
	EndGlobalSection
	GlobalSection(SolutionProperties) = preSolution
		HideSolutionNode = FALSE
	EndGlobalSection
	GlobalSection(NestedProjects) = preSolution
		{7E57ECC8-B482-425F-BBE5-771813A90FC6} = {23C3BF85-FF23-471A-B926-14E918A83B8E}
		{69D30D8D-51D9-4BD9-BF8C-B858768DE163} = {23C3BF85-FF23-471A-B926-14E918A83B8E}
		{ED15B170-1C30-4888-B832-32A40290FFAE} = {23C3BF85-FF23-471A-B926-14E918A83B8E}
		{0D7F6B47-FA3C-484D-954A-218F7A40B416} = {E5B3FBD9-3476-4201-9909-89198B71DE42}
		{563124D0-E398-4D2F-8FB6-6B399CB46641} = {E5B3FBD9-3476-4201-9909-89198B71DE42}
		{1D75BCD4-A502-457B-9FDF-537B0DAA8BE6} = {E5B3FBD9-3476-4201-9909-89198B71DE42}
		{97F39912-7591-4440-9A34-FAD5921E6D66} = {E5B3FBD9-3476-4201-9909-89198B71DE42}
		{82ACE501-35F4-4F59-A552-48F4DC88E332} = {23C3BF85-FF23-471A-B926-14E918A83B8E}
		{90452F24-D414-40FD-AF9B-F7566A1F4620} = {23C3BF85-FF23-471A-B926-14E918A83B8E}
		{0BFC9311-9767-45C5-B07E-18E867376571} = {4BF3F688-4D36-47A8-8539-539955BE81C0}
		{E82D77A7-6D39-4CEE-9CB3-B99548F00CE4} = {4BF3F688-4D36-47A8-8539-539955BE81C0}
		{8C034800-5011-40EF-B2DB-6A399308E2DA} = {4BF3F688-4D36-47A8-8539-539955BE81C0}
	EndGlobalSection
	GlobalSection(ExtensibilityGlobals) = postSolution
		SolutionGuid = {DAC0718C-8FFA-41CE-8466-A5A138E9D841}
	EndGlobalSection
EndGlobal
